<?xml version="1.0" encoding="UTF-8"?>
<Scheme
   version = "1.3">
   <BuildAction>
      <BuildActionEntries>
         <BuildActionEntry
            buildForRunning = "YES">
            <BuildableReference
               BuildableIdentifier = "primary"
               BlueprintIdentifier = "79FA28A39D60352AB8246F90"
               BuildableName = "SEP_MOBA_FS22.app"
               BlueprintName = "SEP_MOBA_FS22"
               ReferencedContainer = "container:SEP_MOBA_FS22.xcodeproj">
            </BuildableReference>
         </BuildActionEntry>
      </BuildActionEntries>
   </BuildAction>
   <LaunchAction
      useCustomWorkingDirectory = "NO"
      buildConfiguration = "Debug"
      allowLocationSimulation = "YES">
      <BuildableProductRunnable>
         <BuildableReference
            BuildableIdentifier = "primary"
            BlueprintIdentifier = "79FA28A39D60352AB8246F90"
            BuildableName = "SEP_MOBA_FS22.app"
            BlueprintName = "SEP_MOBA_FS22"
            ReferencedContainer = "container:SEP_MOBA_FS22.xcodeproj">
         </BuildableReference>
      </BuildableProductRunnable>
   </LaunchAction>
</Scheme>
